
Microsoft Visual Studio Solution File, Format Version 12.00
# Visual Studio Version 17
VisualStudioVersion = 17.11.35327.3
MinimumVisualStudioVersion = 10.0.40219.1
Project("{FAE04EC0-301F-11D3-BF4B-00C04F79EFBC}") = "Conversor", "Conversor\Conversor.csproj", "{0BC3DF69-21C9-4BC1-873C-E95797AC68BD}"
EndProject
Global
	GlobalSection(SolutionConfigurationPlatforms) = preSolution
		Debug|Any CPU = Debug|Any CPU
		Release|Any CPU = Release|Any CPU
	EndGlobalSection
	GlobalSection(ProjectConfigurationPlatforms) = postSolution
		{0BC3DF69-21C9-4BC1-873C-E95797AC68BD}.Debug|Any CPU.ActiveCfg = Debug|Any CPU
		{0BC3DF69-21C9-4BC1-873C-E95797AC68BD}.Debug|Any CPU.Build.0 = Debug|Any CPU
		{0BC3DF69-21C9-4BC1-873C-E95797AC68BD}.Release|Any CPU.ActiveCfg = Release|Any CPU
		{0BC3DF69-21C9-4BC1-873C-E95797AC68BD}.Release|Any CPU.Build.0 = Release|Any CPU
	EndGlobalSection
	GlobalSection(SolutionProperties) = preSolution
		HideSolutionNode = FALSE
	EndGlobalSection
	GlobalSection(ExtensibilityGlobals) = postSolution
		SolutionGuid = {A728960B-9D93-4588-94F1-E48D83FEC30F}
	EndGlobalSection
EndGlobal
